
Microsoft Visual Studio Solution File, Format Version 10.00
# Visual Studio 2008
Project("{FAE04EC0-301F-11D3-BF4B-00C04F79EFBC}") = "SsharpStringLib", "SsharpStringLib\SsharpStringLib.csproj", "{8E166823-FD69-4BE0-A023-CA6D4D338EAE}"
EndProject
Global
	GlobalSection(SolutionConfigurationPlatforms) = preSolution
		Debug|Any CPU = Debug|Any CPU
		Release|Any CPU = Release|Any CPU
	EndGlobalSection
	GlobalSection(ProjectConfigurationPlatforms) = postSolution
		{8E166823-FD69-4BE0-A023-CA6D4D338EAE}.Debug|Any CPU.ActiveCfg = Debug|Any CPU
		{8E166823-FD69-4BE0-A023-CA6D4D338EAE}.Debug|Any CPU.Build.0 = Debug|Any CPU
		{8E166823-FD69-4BE0-A023-CA6D4D338EAE}.Release|Any CPU.ActiveCfg = Release|Any CPU
		{8E166823-FD69-4BE0-A023-CA6D4D338EAE}.Release|Any CPU.Build.0 = Release|Any CPU
	EndGlobalSection
	GlobalSection(SolutionProperties) = preSolution
		HideSolutionNode = FALSE
	EndGlobalSection
EndGlobal
